// !$*UTF8*$!
{
	archiveVersion = 1;
	classes = {
	};
	objectVersion = 56;
	objects = {

/* Begin PBXBuildFile section */
		ADAF4B012B4BC2D000315738 /* Models.framework in Frameworks */ = {isa = PBXBuildFile; fileRef = ADAF4AF82B4BC2D000315738 /* Models.framework */; };
		ADAF4B062B4BC2D000315738 /* ModelsTests.swift in Sources */ = {isa = PBXBuildFile; fileRef = ADAF4B052B4BC2D000315738 /* ModelsTests.swift */; };
		ADAF4B072B4BC2D000315738 /* Models.h in Headers */ = {isa = PBXBuildFile; fileRef = ADAF4AFB2B4BC2D000315738 /* Models.h */; settings = {ATTRIBUTES = (Public, ); }; };
		ADAF4B112B4BC2E500315738 /* User.swift in Sources */ = {isa = PBXBuildFile; fileRef = ADAF4B102B4BC2E500315738 /* User.swift */; };
		ADD8137B2B4EB488004282A0 /* WebSocket.swift in Sources */ = {isa = PBXBuildFile; fileRef = ADD8137A2B4EB488004282A0 /* WebSocket.swift */; };
		ADD8150E2B553199004282A0 /* ChatRoomError.swift in Sources */ = {isa = PBXBuildFile; fileRef = ADD8150D2B553199004282A0 /* ChatRoomError.swift */; };
		ADD815122B5532D3004282A0 /* AuthResponse.swift in Sources */ = {isa = PBXBuildFile; fileRef = ADD815112B5532D3004282A0 /* AuthResponse.swift */; };
/* End PBXBuildFile section */

/* Begin PBXContainerItemProxy section */
		ADAF4B022B4BC2D000315738 /* PBXContainerItemProxy */ = {
			isa = PBXContainerItemProxy;
			containerPortal = ADAF4AEF2B4BC2D000315738 /* Project object */;
			proxyType = 1;
			remoteGlobalIDString = ADAF4AF72B4BC2D000315738;
			remoteInfo = Models;
		};
/* End PBXContainerItemProxy section */

/* Begin PBXFileReference section */
		ADAF4AF82B4BC2D000315738 /* Models.framework */ = {isa = PBXFileReference; explicitFileType = wrapper.framework; includeInIndex = 0; path = Models.framework; sourceTree = BUILT_PRODUCTS_DIR; };
		ADAF4AFB2B4BC2D000315738 /* Models.h */ = {isa = PBXFileReference; lastKnownFileType = sourcecode.c.h; path = Models.h; sourceTree = "<group>"; };
		ADAF4B002B4BC2D000315738 /* ModelsTests.xctest */ = {isa = PBXFileReference; explicitFileType = wrapper.cfbundle; includeInIndex = 0; path = ModelsTests.xctest; sourceTree = BUILT_PRODUCTS_DIR; };
		ADAF4B052B4BC2D000315738 /* ModelsTests.swift */ = {isa = PBXFileReference; lastKnownFileType = sourcecode.swift; path = ModelsTests.swift; sourceTree = "<group>"; };
		ADAF4B102B4BC2E500315738 /* User.swift */ = {isa = PBXFileReference; lastKnownFileType = sourcecode.swift; path = User.swift; sourceTree = "<group>"; };
		ADD8137A2B4EB488004282A0 /* WebSocket.swift */ = {isa = PBXFileReference; lastKnownFileType = sourcecode.swift; path = WebSocket.swift; sourceTree = "<group>"; };
		ADD8150D2B553199004282A0 /* ChatRoomError.swift */ = {isa = PBXFileReference; lastKnownFileType = sourcecode.swift; path = ChatRoomError.swift; sourceTree = "<group>"; };
		ADD815112B5532D3004282A0 /* AuthResponse.swift */ = {isa = PBXFileReference; lastKnownFileType = sourcecode.swift; path = AuthResponse.swift; sourceTree = "<group>"; };
/* End PBXFileReference section */

/* Begin PBXFrameworksBuildPhase section */
		ADAF4AF52B4BC2D000315738 /* Frameworks */ = {
			isa = PBXFrameworksBuildPhase;
			buildActionMask = 2147483647;
			files = (
			);
			runOnlyForDeploymentPostprocessing = 0;
		};
		ADAF4AFD2B4BC2D000315738 /* Frameworks */ = {
			isa = PBXFrameworksBuildPhase;
			buildActionMask = 2147483647;
			files = (
				ADAF4B012B4BC2D000315738 /* Models.framework in Frameworks */,
			);
			runOnlyForDeploymentPostprocessing = 0;
		};
/* End PBXFrameworksBuildPhase section */

/* Begin PBXGroup section */
		ADAF4AEE2B4BC2D000315738 = {
			isa = PBXGroup;
			children = (
				ADAF4AFA2B4BC2D000315738 /* Models */,
				ADAF4B042B4BC2D000315738 /* ModelsTests */,
				ADAF4AF92B4BC2D000315738 /* Products */,
			);
			sourceTree = "<group>";
		};
		ADAF4AF92B4BC2D000315738 /* Products */ = {
			isa = PBXGroup;
			children = (
				ADAF4AF82B4BC2D000315738 /* Models.framework */,
				ADAF4B002B4BC2D000315738 /* ModelsTests.xctest */,
			);
			name = Products;
			sourceTree = "<group>";
		};
		ADAF4AFA2B4BC2D000315738 /* Models */ = {
			isa = PBXGroup;
			children = (
				ADD8150C2B55316A004282A0 /* Error */,
				ADD815002B5135E8004282A0 /* Requests */,
				ADD815012B5135F3004282A0 /* Responses */,
				ADD8137A2B4EB488004282A0 /* WebSocket.swift */,
				ADAF4AFB2B4BC2D000315738 /* Models.h */,
			);
			path = Models;
			sourceTree = "<group>";
		};
		ADAF4B042B4BC2D000315738 /* ModelsTests */ = {
			isa = PBXGroup;
			children = (
				ADAF4B052B4BC2D000315738 /* ModelsTests.swift */,
			);
			path = ModelsTests;
			sourceTree = "<group>";
		};
		ADD815002B5135E8004282A0 /* Requests */ = {
			isa = PBXGroup;
			children = (
				ADAF4B102B4BC2E500315738 /* User.swift */,
			);
			path = Requests;
			sourceTree = "<group>";
		};
		ADD815012B5135F3004282A0 /* Responses */ = {
			isa = PBXGroup;
			children = (
				ADD815112B5532D3004282A0 /* AuthResponse.swift */,
			);
			path = Responses;
			sourceTree = "<group>";
		};
		ADD8150C2B55316A004282A0 /* Error */ = {
			isa = PBXGroup;
			children = (
				ADD8150D2B553199004282A0 /* ChatRoomError.swift */,
			);
			path = Error;
			sourceTree = "<group>";
		};
/* End PBXGroup section */

/* Begin PBXHeadersBuildPhase section */
		ADAF4AF32B4BC2D000315738 /* Headers */ = {
			isa = PBXHeadersBuildPhase;
			buildActionMask = 2147483647;
			files = (
				ADAF4B072B4BC2D000315738 /* Models.h in Headers */,
			);
			runOnlyForDeploymentPostprocessing = 0;
		};
/* End PBXHeadersBuildPhase section */

/* Begin PBXNativeTarget section */
		ADAF4AF72B4BC2D000315738 /* Models */ = {
			isa = PBXNativeTarget;
			buildConfigurationList = ADAF4B0A2B4BC2D000315738 /* Build configuration list for PBXNativeTarget "Models" */;
			buildPhases = (
				ADAF4AF32B4BC2D000315738 /* Headers */,
				ADAF4AF42B4BC2D000315738 /* Sources */,
				ADAF4AF52B4BC2D000315738 /* Frameworks */,
				ADAF4AF62B4BC2D000315738 /* Resources */,
			);
			buildRules = (
			);
			dependencies = (
			);
			name = Models;
			productName = Models;
			productReference = ADAF4AF82B4BC2D000315738 /* Models.framework */;
			productType = "com.apple.product-type.framework";
		};
		ADAF4AFF2B4BC2D000315738 /* ModelsTests */ = {
			isa = PBXNativeTarget;
			buildConfigurationList = ADAF4B0D2B4BC2D000315738 /* Build configuration list for PBXNativeTarget "ModelsTests" */;
			buildPhases = (
				ADAF4AFC2B4BC2D000315738 /* Sources */,
				ADAF4AFD2B4BC2D000315738 /* Frameworks */,
				ADAF4AFE2B4BC2D000315738 /* Resources */,
			);
			buildRules = (
			);
			dependencies = (
				ADAF4B032B4BC2D000315738 /* PBXTargetDependency */,
			);
			name = ModelsTests;
			productName = ModelsTests;
			productReference = ADAF4B002B4BC2D000315738 /* ModelsTests.xctest */;
			productType = "com.apple.product-type.bundle.unit-test";
		};
/* End PBXNativeTarget section */

/* Begin PBXProject section */
		ADAF4AEF2B4BC2D000315738 /* Project object */ = {
			isa = PBXProject;
			attributes = {
				BuildIndependentTargetsInParallel = 1;
				LastSwiftUpdateCheck = 1510;
				LastUpgradeCheck = 1510;
				TargetAttributes = {
					ADAF4AF72B4BC2D000315738 = {
						CreatedOnToolsVersion = 15.1;
						LastSwiftMigration = 1510;
					};
					ADAF4AFF2B4BC2D000315738 = {
						CreatedOnToolsVersion = 15.1;
					};
				};
			};
			buildConfigurationList = ADAF4AF22B4BC2D000315738 /* Build configuration list for PBXProject "Models" */;
			compatibilityVersion = "Xcode 14.0";
			developmentRegion = en;
			hasScannedForEncodings = 0;
			knownRegions = (
				en,
				Base,
			);
			mainGroup = ADAF4AEE2B4BC2D000315738;
			productRefGroup = ADAF4AF92B4BC2D000315738 /* Products */;
			projectDirPath = "";
			projectRoot = "";
			targets = (
				ADAF4AF72B4BC2D000315738 /* Models */,
				ADAF4AFF2B4BC2D000315738 /* ModelsTests */,
			);
		};
/* End PBXProject section */

/* Begin PBXResourcesBuildPhase section */
		ADAF4AF62B4BC2D000315738 /* Resources */ = {
			isa = PBXResourcesBuildPhase;
			buildActionMask = 2147483647;
			files = (
			);
			runOnlyForDeploymentPostprocessing = 0;
		};
		ADAF4AFE2B4BC2D000315738 /* Resources */ = {
			isa = PBXResourcesBuildPhase;
			buildActionMask = 2147483647;
			files = (
			);
			runOnlyForDeploymentPostprocessing = 0;
		};
/* End PBXResourcesBuildPhase section */

/* Begin PBXSourcesBuildPhase section */
		ADAF4AF42B4BC2D000315738 /* Sources */ = {
			isa = PBXSourcesBuildPhase;
			buildActionMask = 2147483647;
			files = (
				ADAF4B112B4BC2E500315738 /* User.swift in Sources */,
				ADD8137B2B4EB488004282A0 /* WebSocket.swift in Sources */,
				ADD815122B5532D3004282A0 /* AuthResponse.swift in Sources */,
				ADD8150E2B553199004282A0 /* ChatRoomError.swift in Sources */,
			);
			runOnlyForDeploymentPostprocessing = 0;
		};
		ADAF4AFC2B4BC2D000315738 /* Sources */ = {
			isa = PBXSourcesBuildPhase;
			buildActionMask = 2147483647;
			files = (
				ADAF4B062B4BC2D000315738 /* ModelsTests.swift in Sources */,
			);
			runOnlyForDeploymentPostprocessing = 0;
		};
/* End PBXSourcesBuildPhase section */

/* Begin PBXTargetDependency section */
		ADAF4B032B4BC2D000315738 /* PBXTargetDependency */ = {
			isa = PBXTargetDependency;
			target = ADAF4AF72B4BC2D000315738 /* Models */;
			targetProxy = ADAF4B022B4BC2D000315738 /* PBXContainerItemProxy */;
		};
/* End PBXTargetDependency section */

/* Begin XCBuildConfiguration section */
		ADAF4B082B4BC2D000315738 /* Debug */ = {
			isa = XCBuildConfiguration;
			buildSettings = {
				ALWAYS_SEARCH_USER_PATHS = NO;
				ASSETCATALOG_COMPILER_GENERATE_SWIFT_ASSET_SYMBOL_EXTENSIONS = YES;
				CLANG_ANALYZER_NONNULL = YES;
				CLANG_ANALYZER_NUMBER_OBJECT_CONVERSION = YES_AGGRESSIVE;
				CLANG_CXX_LANGUAGE_STANDARD = "gnu++20";
				CLANG_ENABLE_MODULES = YES;
				CLANG_ENABLE_OBJC_ARC = YES;
				CLANG_ENABLE_OBJC_WEAK = YES;
				CLANG_WARN_BLOCK_CAPTURE_AUTORELEASING = YES;
				CLANG_WARN_BOOL_CONVERSION = YES;
				CLANG_WARN_COMMA = YES;
				CLANG_WARN_CONSTANT_CONVERSION = YES;
				CLANG_WARN_DEPRECATED_OBJC_IMPLEMENTATIONS = YES;
				CLANG_WARN_DIRECT_OBJC_ISA_USAGE = YES_ERROR;
				CLANG_WARN_DOCUMENTATION_COMMENTS = YES;
				CLANG_WARN_EMPTY_BODY = YES;
				CLANG_WARN_ENUM_CONVERSION = YES;
				CLANG_WARN_INFINITE_RECURSION = YES;
				CLANG_WARN_INT_CONVERSION = YES;
				CLANG_WARN_NON_LITERAL_NULL_CONVERSION = YES;
				CLANG_WARN_OBJC_IMPLICIT_RETAIN_SELF = YES;
				CLANG_WARN_OBJC_LITERAL_CONVERSION = YES;
				CLANG_WARN_OBJC_ROOT_CLASS = YES_ERROR;
				CLANG_WARN_QUOTED_INCLUDE_IN_FRAMEWORK_HEADER = YES;
				CLANG_WARN_RANGE_LOOP_ANALYSIS = YES;
				CLANG_WARN_STRICT_PROTOTYPES = YES;
				CLANG_WARN_SUSPICIOUS_MOVE = YES;
				CLANG_WARN_UNGUARDED_AVAILABILITY = YES_AGGRESSIVE;
				CLANG_WARN_UNREACHABLE_CODE = YES;
				CLANG_WARN__DUPLICATE_METHOD_MATCH = YES;
				COPY_PHASE_STRIP = NO;
				CURRENT_PROJECT_VERSION = 1;
				DEBUG_INFORMATION_FORMAT = dwarf;
				ENABLE_STRICT_OBJC_MSGSEND = YES;
				ENABLE_TESTABILITY = YES;
				ENABLE_USER_SCRIPT_SANDBOXING = YES;
				GCC_C_LANGUAGE_STANDARD = gnu17;
				GCC_DYNAMIC_NO_PIC = NO;
				GCC_NO_COMMON_BLOCKS = YES;
				GCC_OPTIMIZATION_LEVEL = 0;
				GCC_PREPROCESSOR_DEFINITIONS = (
					"DEBUG=1",
					"$(inherited)",
				);
				GCC_WARN_64_TO_32_BIT_CONVERSION = YES;
				GCC_WARN_ABOUT_RETURN_TYPE = YES_ERROR;
				GCC_WARN_UNDECLARED_SELECTOR = YES;
				GCC_WARN_UNINITIALIZED_AUTOS = YES_AGGRESSIVE;
				GCC_WARN_UNUSED_FUNCTION = YES;
				GCC_WARN_UNUSED_VARIABLE = YES;
				IPHONEOS_DEPLOYMENT_TARGET = 17.2;
				LOCALIZATION_PREFERS_STRING_CATALOGS = YES;
				MTL_ENABLE_DEBUG_INFO = INCLUDE_SOURCE;
				MTL_FAST_MATH = YES;
				ONLY_ACTIVE_ARCH = YES;
				SDKROOT = iphoneos;
				SWIFT_ACTIVE_COMPILATION_CONDITIONS = "DEBUG $(inherited)";
				SWIFT_OPTIMIZATION_LEVEL = "-Onone";
				VERSIONING_SYSTEM = "apple-generic";
				VERSION_INFO_PREFIX = "";
			};
			name = Debug;
		};
		ADAF4B092B4BC2D000315738 /* Release */ = {
			isa = XCBuildConfiguration;
			buildSettings = {
				ALWAYS_SEARCH_USER_PATHS = NO;
				ASSETCATALOG_COMPILER_GENERATE_SWIFT_ASSET_SYMBOL_EXTENSIONS = YES;
				CLANG_ANALYZER_NONNULL = YES;
				CLANG_ANALYZER_NUMBER_OBJECT_CONVERSION = YES_AGGRESSIVE;
				CLANG_CXX_LANGUAGE_STANDARD = "gnu++20";
				CLANG_ENABLE_MODULES = YES;
				CLANG_ENABLE_OBJC_ARC = YES;
				CLANG_ENABLE_OBJC_WEAK = YES;
				CLANG_WARN_BLOCK_CAPTURE_AUTORELEASING = YES;
				CLANG_WARN_BOOL_CONVERSION = YES;
				CLANG_WARN_COMMA = YES;
				CLANG_WARN_CONSTANT_CONVERSION = YES;
				CLANG_WARN_DEPRECATED_OBJC_IMPLEMENTATIONS = YES;
				CLANG_WARN_DIRECT_OBJC_ISA_USAGE = YES_ERROR;
				CLANG_WARN_DOCUMENTATION_COMMENTS = YES;
				CLANG_WARN_EMPTY_BODY = YES;
				CLANG_WARN_ENUM_CONVERSION = YES;
				CLANG_WARN_INFINITE_RECURSION = YES;
				CLANG_WARN_INT_CONVERSION = YES;
				CLANG_WARN_NON_LITERAL_NULL_CONVERSION = YES;
				CLANG_WARN_OBJC_IMPLICIT_RETAIN_SELF = YES;
				CLANG_WARN_OBJC_LITERAL_CONVERSION = YES;
				CLANG_WARN_OBJC_ROOT_CLASS = YES_ERROR;
				CLANG_WARN_QUOTED_INCLUDE_IN_FRAMEWORK_HEADER = YES;
				CLANG_WARN_RANGE_LOOP_ANALYSIS = YES;
				CLANG_WARN_STRICT_PROTOTYPES = YES;
				CLANG_WARN_SUSPICIOUS_MOVE = YES;
				CLANG_WARN_UNGUARDED_AVAILABILITY = YES_AGGRESSIVE;
				CLANG_WARN_UNREACHABLE_CODE = YES;
				CLANG_WARN__DUPLICATE_METHOD_MATCH = YES;
				COPY_PHASE_STRIP = NO;
				CURRENT_PROJECT_VERSION = 1;
				DEBUG_INFORMATION_FORMAT = "dwarf-with-dsym";
				ENABLE_NS_ASSERTIONS = NO;
				ENABLE_STRICT_OBJC_MSGSEND = YES;
				ENABLE_USER_SCRIPT_SANDBOXING = YES;
				GCC_C_LANGUAGE_STANDARD = gnu17;
				GCC_NO_COMMON_BLOCKS = YES;
				GCC_WARN_64_TO_32_BIT_CONVERSION = YES;
				GCC_WARN_ABOUT_RETURN_TYPE = YES_ERROR;
				GCC_WARN_UNDECLARED_SELECTOR = YES;
				GCC_WARN_UNINITIALIZED_AUTOS = YES_AGGRESSIVE;
				GCC_WARN_UNUSED_FUNCTION = YES;
				GCC_WARN_UNUSED_VARIABLE = YES;
				IPHONEOS_DEPLOYMENT_TARGET = 17.2;
				LOCALIZATION_PREFERS_STRING_CATALOGS = YES;
				MTL_ENABLE_DEBUG_INFO = NO;
				MTL_FAST_MATH = YES;
				SDKROOT = iphoneos;
				SWIFT_COMPILATION_MODE = wholemodule;
				VALIDATE_PRODUCT = YES;
				VERSIONING_SYSTEM = "apple-generic";
				VERSION_INFO_PREFIX = "";
			};
			name = Release;
		};
		ADAF4B0B2B4BC2D000315738 /* Debug */ = {
			isa = XCBuildConfiguration;
			buildSettings = {
				CLANG_ENABLE_MODULES = YES;
				CODE_SIGN_STYLE = Automatic;
				CURRENT_PROJECT_VERSION = 1;
				DEFINES_MODULE = YES;
				DEVELOPMENT_TEAM = NJ3A8H5XJB;
				DYLIB_COMPATIBILITY_VERSION = 1;
				DYLIB_CURRENT_VERSION = 1;
				DYLIB_INSTALL_NAME_BASE = "@rpath";
				ENABLE_MODULE_VERIFIER = YES;
				GENERATE_INFOPLIST_FILE = YES;
				INFOPLIST_KEY_NSHumanReadableCopyright = "";
				INSTALL_PATH = "$(LOCAL_LIBRARY_DIR)/Frameworks";
				LD_RUNPATH_SEARCH_PATHS = (
					"$(inherited)",
					"@executable_path/Frameworks",
					"@loader_path/Frameworks",
				);
				MARKETING_VERSION = 1.0;
				MODULE_VERIFIER_SUPPORTED_LANGUAGES = "objective-c objective-c++";
				MODULE_VERIFIER_SUPPORTED_LANGUAGE_STANDARDS = "gnu17 gnu++20";
				PRODUCT_BUNDLE_IDENTIFIER = NineSIxSeven.Models;
				PRODUCT_NAME = "$(TARGET_NAME:c99extidentifier)";
				SKIP_INSTALL = YES;
				SWIFT_EMIT_LOC_STRINGS = YES;
				SWIFT_OPTIMIZATION_LEVEL = "-Onone";
				SWIFT_VERSION = 5.0;
				TARGETED_DEVICE_FAMILY = "1,2";
			};
			name = Debug;
		};
		ADAF4B0C2B4BC2D000315738 /* Release */ = {
			isa = XCBuildConfiguration;
			buildSettings = {
				CLANG_ENABLE_MODULES = YES;
				CODE_SIGN_STYLE = Automatic;
				CURRENT_PROJECT_VERSION = 1;
				DEFINES_MODULE = YES;
				DEVELOPMENT_TEAM = NJ3A8H5XJB;
				DYLIB_COMPATIBILITY_VERSION = 1;
				DYLIB_CURRENT_VERSION = 1;
				DYLIB_INSTALL_NAME_BASE = "@rpath";
				ENABLE_MODULE_VERIFIER = YES;
				GENERATE_INFOPLIST_FILE = YES;
				INFOPLIST_KEY_NSHumanReadableCopyright = "";
				INSTALL_PATH = "$(LOCAL_LIBRARY_DIR)/Frameworks";
				LD_RUNPATH_SEARCH_PATHS = (
					"$(inherited)",
					"@executable_path/Frameworks",
					"@loader_path/Frameworks",
				);
				MARKETING_VERSION = 1.0;
				MODULE_VERIFIER_SUPPORTED_LANGUAGES = "objective-c objective-c++";
				MODULE_VERIFIER_SUPPORTED_LANGUAGE_STANDARDS = "gnu17 gnu++20";
				PRODUCT_BUNDLE_IDENTIFIER = NineSIxSeven.Models;
				PRODUCT_NAME = "$(TARGET_NAME:c99extidentifier)";
				SKIP_INSTALL = YES;
				SWIFT_EMIT_LOC_STRINGS = YES;
				SWIFT_VERSION = 5.0;
				TARGETED_DEVICE_FAMILY = "1,2";
			};
			name = Release;
		};
		ADAF4B0E2B4BC2D000315738 /* Debug */ = {
			isa = XCBuildConfiguration;
			buildSettings = {
				ALWAYS_EMBED_SWIFT_STANDARD_LIBRARIES = YES;
				CODE_SIGN_STYLE = Automatic;
				CURRENT_PROJECT_VERSION = 1;
				DEVELOPMENT_TEAM = NJ3A8H5XJB;
				GENERATE_INFOPLIST_FILE = YES;
				MARKETING_VERSION = 1.0;
				PRODUCT_BUNDLE_IDENTIFIER = NineSIxSeven.ModelsTests;
				PRODUCT_NAME = "$(TARGET_NAME)";
				SWIFT_EMIT_LOC_STRINGS = NO;
				SWIFT_VERSION = 5.0;
				TARGETED_DEVICE_FAMILY = "1,2";
			};
			name = Debug;
		};
		ADAF4B0F2B4BC2D000315738 /* Release */ = {
			isa = XCBuildConfiguration;
			buildSettings = {
				ALWAYS_EMBED_SWIFT_STANDARD_LIBRARIES = YES;
				CODE_SIGN_STYLE = Automatic;
				CURRENT_PROJECT_VERSION = 1;
				DEVELOPMENT_TEAM = NJ3A8H5XJB;
				GENERATE_INFOPLIST_FILE = YES;
				MARKETING_VERSION = 1.0;
				PRODUCT_BUNDLE_IDENTIFIER = NineSIxSeven.ModelsTests;
				PRODUCT_NAME = "$(TARGET_NAME)";
				SWIFT_EMIT_LOC_STRINGS = NO;
				SWIFT_VERSION = 5.0;
				TARGETED_DEVICE_FAMILY = "1,2";
			};
			name = Release;
		};
/* End XCBuildConfiguration section */

/* Begin XCConfigurationList section */
		ADAF4AF22B4BC2D000315738 /* Build configuration list for PBXProject "Models" */ = {
			isa = XCConfigurationList;
			buildConfigurations = (
				ADAF4B082B4BC2D000315738 /* Debug */,
				ADAF4B092B4BC2D000315738 /* Release */,
			);
			defaultConfigurationIsVisible = 0;
			defaultConfigurationName = Release;
		};
		ADAF4B0A2B4BC2D000315738 /* Build configuration list for PBXNativeTarget "Models" */ = {
			isa = XCConfigurationList;
			buildConfigurations = (
				ADAF4B0B2B4BC2D000315738 /* Debug */,
				ADAF4B0C2B4BC2D000315738 /* Release */,
			);
			defaultConfigurationIsVisible = 0;
			defaultConfigurationName = Release;
		};
		ADAF4B0D2B4BC2D000315738 /* Build configuration list for PBXNativeTarget "ModelsTests" */ = {
			isa = XCConfigurationList;
			buildConfigurations = (
				ADAF4B0E2B4BC2D000315738 /* Debug */,
				ADAF4B0F2B4BC2D000315738 /* Release */,
			);
			defaultConfigurationIsVisible = 0;
			defaultConfigurationName = Release;
		};
/* End XCConfigurationList section */
	};
	rootObject = ADAF4AEF2B4BC2D000315738 /* Project object */;
}
