// !$*UTF8*$!
{
	archiveVersion = 1;
	classes = {
	};
	objectVersion = 56;
	objects = {

/* Begin PBXBuildFile section */
		ADAF4ACE2B4BC16500315738 /* UseCases.framework in Frameworks */ = {isa = PBXBuildFile; fileRef = ADAF4AC52B4BC16500315738 /* UseCases.framework */; };
		ADAF4AD32B4BC16500315738 /* UseCasesTests.swift in Sources */ = {isa = PBXBuildFile; fileRef = ADAF4AD22B4BC16500315738 /* UseCasesTests.swift */; };
		ADAF4AD42B4BC16500315738 /* UseCases.h in Headers */ = {isa = PBXBuildFile; fileRef = ADAF4AC82B4BC16500315738 /* UseCases.h */; settings = {ATTRIBUTES = (Public, ); }; };
		ADAF4ADF2B4BC18D00315738 /* Utility.framework in Frameworks */ = {isa = PBXBuildFile; fileRef = ADAF4ADE2B4BC18D00315738 /* Utility.framework */; };
		ADAF4AE02B4BC18D00315738 /* Utility.framework in Embed Frameworks */ = {isa = PBXBuildFile; fileRef = ADAF4ADE2B4BC18D00315738 /* Utility.framework */; settings = {ATTRIBUTES = (CodeSignOnCopy, RemoveHeadersOnCopy, ); }; };
		ADAF4AE62B4BC1CC00315738 /* AccountInteractor.swift in Sources */ = {isa = PBXBuildFile; fileRef = ADAF4AE52B4BC1CC00315738 /* AccountInteractor.swift */; };
		ADAF4AE92B4BC25A00315738 /* RxCocoa in Frameworks */ = {isa = PBXBuildFile; productRef = ADAF4AE82B4BC25A00315738 /* RxCocoa */; };
		ADAF4AEB2B4BC25E00315738 /* RxRelay in Frameworks */ = {isa = PBXBuildFile; productRef = ADAF4AEA2B4BC25E00315738 /* RxRelay */; };
		ADAF4AED2B4BC26200315738 /* RxSwift in Frameworks */ = {isa = PBXBuildFile; productRef = ADAF4AEC2B4BC26200315738 /* RxSwift */; };
		ADAF4B372B4BC60F00315738 /* UseCasesInstances.swift in Sources */ = {isa = PBXBuildFile; fileRef = ADAF4B362B4BC60F00315738 /* UseCasesInstances.swift */; };
		ADD8136D2B4E8015004282A0 /* AppServices.framework in Frameworks */ = {isa = PBXBuildFile; fileRef = ADD8136C2B4E8015004282A0 /* AppServices.framework */; };
		ADD8136E2B4E8015004282A0 /* AppServices.framework in Embed Frameworks */ = {isa = PBXBuildFile; fileRef = ADD8136C2B4E8015004282A0 /* AppServices.framework */; settings = {ATTRIBUTES = (CodeSignOnCopy, RemoveHeadersOnCopy, ); }; };
		ADD813822B4EB4DA004282A0 /* Models.framework in Frameworks */ = {isa = PBXBuildFile; fileRef = ADD813812B4EB4DA004282A0 /* Models.framework */; };
		ADD813832B4EB4DA004282A0 /* Models.framework in Embed Frameworks */ = {isa = PBXBuildFile; fileRef = ADD813812B4EB4DA004282A0 /* Models.framework */; settings = {ATTRIBUTES = (CodeSignOnCopy, RemoveHeadersOnCopy, ); }; };
/* End PBXBuildFile section */

/* Begin PBXContainerItemProxy section */
		ADAF4ACF2B4BC16500315738 /* PBXContainerItemProxy */ = {
			isa = PBXContainerItemProxy;
			containerPortal = ADAF4ABC2B4BC16500315738 /* Project object */;
			proxyType = 1;
			remoteGlobalIDString = ADAF4AC42B4BC16500315738;
			remoteInfo = UseCases;
		};
/* End PBXContainerItemProxy section */

/* Begin PBXCopyFilesBuildPhase section */
		ADAF4AE12B4BC18D00315738 /* Embed Frameworks */ = {
			isa = PBXCopyFilesBuildPhase;
			buildActionMask = 2147483647;
			dstPath = "";
			dstSubfolderSpec = 10;
			files = (
				ADD8136E2B4E8015004282A0 /* AppServices.framework in Embed Frameworks */,
				ADAF4AE02B4BC18D00315738 /* Utility.framework in Embed Frameworks */,
				ADD813832B4EB4DA004282A0 /* Models.framework in Embed Frameworks */,
			);
			name = "Embed Frameworks";
			runOnlyForDeploymentPostprocessing = 0;
		};
/* End PBXCopyFilesBuildPhase section */

/* Begin PBXFileReference section */
		ADAF4AC52B4BC16500315738 /* UseCases.framework */ = {isa = PBXFileReference; explicitFileType = wrapper.framework; includeInIndex = 0; path = UseCases.framework; sourceTree = BUILT_PRODUCTS_DIR; };
		ADAF4AC82B4BC16500315738 /* UseCases.h */ = {isa = PBXFileReference; lastKnownFileType = sourcecode.c.h; path = UseCases.h; sourceTree = "<group>"; };
		ADAF4ACD2B4BC16500315738 /* UseCasesTests.xctest */ = {isa = PBXFileReference; explicitFileType = wrapper.cfbundle; includeInIndex = 0; path = UseCasesTests.xctest; sourceTree = BUILT_PRODUCTS_DIR; };
		ADAF4AD22B4BC16500315738 /* UseCasesTests.swift */ = {isa = PBXFileReference; lastKnownFileType = sourcecode.swift; path = UseCasesTests.swift; sourceTree = "<group>"; };
		ADAF4ADE2B4BC18D00315738 /* Utility.framework */ = {isa = PBXFileReference; explicitFileType = wrapper.framework; path = Utility.framework; sourceTree = BUILT_PRODUCTS_DIR; };
		ADAF4AE52B4BC1CC00315738 /* AccountInteractor.swift */ = {isa = PBXFileReference; lastKnownFileType = sourcecode.swift; path = AccountInteractor.swift; sourceTree = "<group>"; };
		ADAF4B362B4BC60F00315738 /* UseCasesInstances.swift */ = {isa = PBXFileReference; lastKnownFileType = sourcecode.swift; path = UseCasesInstances.swift; sourceTree = "<group>"; };
		ADD8136C2B4E8015004282A0 /* AppServices.framework */ = {isa = PBXFileReference; explicitFileType = wrapper.framework; path = AppServices.framework; sourceTree = BUILT_PRODUCTS_DIR; };
		ADD813812B4EB4DA004282A0 /* Models.framework */ = {isa = PBXFileReference; explicitFileType = wrapper.framework; path = Models.framework; sourceTree = BUILT_PRODUCTS_DIR; };
/* End PBXFileReference section */

/* Begin PBXFrameworksBuildPhase section */
		ADAF4AC22B4BC16500315738 /* Frameworks */ = {
			isa = PBXFrameworksBuildPhase;
			buildActionMask = 2147483647;
			files = (
				ADAF4AEB2B4BC25E00315738 /* RxRelay in Frameworks */,
				ADAF4AE92B4BC25A00315738 /* RxCocoa in Frameworks */,
				ADD813822B4EB4DA004282A0 /* Models.framework in Frameworks */,
				ADAF4AED2B4BC26200315738 /* RxSwift in Frameworks */,
				ADAF4ADF2B4BC18D00315738 /* Utility.framework in Frameworks */,
				ADD8136D2B4E8015004282A0 /* AppServices.framework in Frameworks */,
			);
			runOnlyForDeploymentPostprocessing = 0;
		};
		ADAF4ACA2B4BC16500315738 /* Frameworks */ = {
			isa = PBXFrameworksBuildPhase;
			buildActionMask = 2147483647;
			files = (
				ADAF4ACE2B4BC16500315738 /* UseCases.framework in Frameworks */,
			);
			runOnlyForDeploymentPostprocessing = 0;
		};
/* End PBXFrameworksBuildPhase section */

/* Begin PBXGroup section */
		ADAF4ABB2B4BC16500315738 = {
			isa = PBXGroup;
			children = (
				ADAF4AC72B4BC16500315738 /* UseCases */,
				ADAF4AD12B4BC16500315738 /* UseCasesTests */,
				ADAF4AC62B4BC16500315738 /* Products */,
				ADAF4ADD2B4BC18C00315738 /* Frameworks */,
			);
			sourceTree = "<group>";
		};
		ADAF4AC62B4BC16500315738 /* Products */ = {
			isa = PBXGroup;
			children = (
				ADAF4AC52B4BC16500315738 /* UseCases.framework */,
				ADAF4ACD2B4BC16500315738 /* UseCasesTests.xctest */,
			);
			name = Products;
			sourceTree = "<group>";
		};
		ADAF4AC72B4BC16500315738 /* UseCases */ = {
			isa = PBXGroup;
			children = (
				ADAF4B362B4BC60F00315738 /* UseCasesInstances.swift */,
				ADAF4AE52B4BC1CC00315738 /* AccountInteractor.swift */,
				ADAF4AC82B4BC16500315738 /* UseCases.h */,
			);
			path = UseCases;
			sourceTree = "<group>";
		};
		ADAF4AD12B4BC16500315738 /* UseCasesTests */ = {
			isa = PBXGroup;
			children = (
				ADAF4AD22B4BC16500315738 /* UseCasesTests.swift */,
			);
			path = UseCasesTests;
			sourceTree = "<group>";
		};
		ADAF4ADD2B4BC18C00315738 /* Frameworks */ = {
			isa = PBXGroup;
			children = (
				ADD813812B4EB4DA004282A0 /* Models.framework */,
				ADD8136C2B4E8015004282A0 /* AppServices.framework */,
				ADAF4ADE2B4BC18D00315738 /* Utility.framework */,
			);
			name = Frameworks;
			sourceTree = "<group>";
		};
/* End PBXGroup section */

/* Begin PBXHeadersBuildPhase section */
		ADAF4AC02B4BC16500315738 /* Headers */ = {
			isa = PBXHeadersBuildPhase;
			buildActionMask = 2147483647;
			files = (
				ADAF4AD42B4BC16500315738 /* UseCases.h in Headers */,
			);
			runOnlyForDeploymentPostprocessing = 0;
		};
/* End PBXHeadersBuildPhase section */

/* Begin PBXNativeTarget section */
		ADAF4AC42B4BC16500315738 /* UseCases */ = {
			isa = PBXNativeTarget;
			buildConfigurationList = ADAF4AD72B4BC16500315738 /* Build configuration list for PBXNativeTarget "UseCases" */;
			buildPhases = (
				ADAF4AC02B4BC16500315738 /* Headers */,
				ADAF4AC12B4BC16500315738 /* Sources */,
				ADAF4AC22B4BC16500315738 /* Frameworks */,
				ADAF4AC32B4BC16500315738 /* Resources */,
				ADAF4AE12B4BC18D00315738 /* Embed Frameworks */,
			);
			buildRules = (
			);
			dependencies = (
			);
			name = UseCases;
			packageProductDependencies = (
				ADAF4AE82B4BC25A00315738 /* RxCocoa */,
				ADAF4AEA2B4BC25E00315738 /* RxRelay */,
				ADAF4AEC2B4BC26200315738 /* RxSwift */,
			);
			productName = UseCases;
			productReference = ADAF4AC52B4BC16500315738 /* UseCases.framework */;
			productType = "com.apple.product-type.framework";
		};
		ADAF4ACC2B4BC16500315738 /* UseCasesTests */ = {
			isa = PBXNativeTarget;
			buildConfigurationList = ADAF4ADA2B4BC16500315738 /* Build configuration list for PBXNativeTarget "UseCasesTests" */;
			buildPhases = (
				ADAF4AC92B4BC16500315738 /* Sources */,
				ADAF4ACA2B4BC16500315738 /* Frameworks */,
				ADAF4ACB2B4BC16500315738 /* Resources */,
			);
			buildRules = (
			);
			dependencies = (
				ADAF4AD02B4BC16500315738 /* PBXTargetDependency */,
			);
			name = UseCasesTests;
			productName = UseCasesTests;
			productReference = ADAF4ACD2B4BC16500315738 /* UseCasesTests.xctest */;
			productType = "com.apple.product-type.bundle.unit-test";
		};
/* End PBXNativeTarget section */

/* Begin PBXProject section */
		ADAF4ABC2B4BC16500315738 /* Project object */ = {
			isa = PBXProject;
			attributes = {
				BuildIndependentTargetsInParallel = 1;
				LastSwiftUpdateCheck = 1510;
				LastUpgradeCheck = 1510;
				TargetAttributes = {
					ADAF4AC42B4BC16500315738 = {
						CreatedOnToolsVersion = 15.1;
						LastSwiftMigration = 1510;
					};
					ADAF4ACC2B4BC16500315738 = {
						CreatedOnToolsVersion = 15.1;
					};
				};
			};
			buildConfigurationList = ADAF4ABF2B4BC16500315738 /* Build configuration list for PBXProject "UseCases" */;
			compatibilityVersion = "Xcode 14.0";
			developmentRegion = en;
			hasScannedForEncodings = 0;
			knownRegions = (
				en,
				Base,
			);
			mainGroup = ADAF4ABB2B4BC16500315738;
			packageReferences = (
				ADAF4AE72B4BC24F00315738 /* XCRemoteSwiftPackageReference "RxSwift" */,
			);
			productRefGroup = ADAF4AC62B4BC16500315738 /* Products */;
			projectDirPath = "";
			projectRoot = "";
			targets = (
				ADAF4AC42B4BC16500315738 /* UseCases */,
				ADAF4ACC2B4BC16500315738 /* UseCasesTests */,
			);
		};
/* End PBXProject section */

/* Begin PBXResourcesBuildPhase section */
		ADAF4AC32B4BC16500315738 /* Resources */ = {
			isa = PBXResourcesBuildPhase;
			buildActionMask = 2147483647;
			files = (
			);
			runOnlyForDeploymentPostprocessing = 0;
		};
		ADAF4ACB2B4BC16500315738 /* Resources */ = {
			isa = PBXResourcesBuildPhase;
			buildActionMask = 2147483647;
			files = (
			);
			runOnlyForDeploymentPostprocessing = 0;
		};
/* End PBXResourcesBuildPhase section */

/* Begin PBXSourcesBuildPhase section */
		ADAF4AC12B4BC16500315738 /* Sources */ = {
			isa = PBXSourcesBuildPhase;
			buildActionMask = 2147483647;
			files = (
				ADAF4B372B4BC60F00315738 /* UseCasesInstances.swift in Sources */,
				ADAF4AE62B4BC1CC00315738 /* AccountInteractor.swift in Sources */,
			);
			runOnlyForDeploymentPostprocessing = 0;
		};
		ADAF4AC92B4BC16500315738 /* Sources */ = {
			isa = PBXSourcesBuildPhase;
			buildActionMask = 2147483647;
			files = (
				ADAF4AD32B4BC16500315738 /* UseCasesTests.swift in Sources */,
			);
			runOnlyForDeploymentPostprocessing = 0;
		};
/* End PBXSourcesBuildPhase section */

/* Begin PBXTargetDependency section */
		ADAF4AD02B4BC16500315738 /* PBXTargetDependency */ = {
			isa = PBXTargetDependency;
			target = ADAF4AC42B4BC16500315738 /* UseCases */;
			targetProxy = ADAF4ACF2B4BC16500315738 /* PBXContainerItemProxy */;
		};
/* End PBXTargetDependency section */

/* Begin XCBuildConfiguration section */
		ADAF4AD52B4BC16500315738 /* Debug */ = {
			isa = XCBuildConfiguration;
			buildSettings = {
				ALWAYS_SEARCH_USER_PATHS = NO;
				ASSETCATALOG_COMPILER_GENERATE_SWIFT_ASSET_SYMBOL_EXTENSIONS = YES;
				CLANG_ANALYZER_NONNULL = YES;
				CLANG_ANALYZER_NUMBER_OBJECT_CONVERSION = YES_AGGRESSIVE;
				CLANG_CXX_LANGUAGE_STANDARD = "gnu++20";
				CLANG_ENABLE_MODULES = YES;
				CLANG_ENABLE_OBJC_ARC = YES;
				CLANG_ENABLE_OBJC_WEAK = YES;
				CLANG_WARN_BLOCK_CAPTURE_AUTORELEASING = YES;
				CLANG_WARN_BOOL_CONVERSION = YES;
				CLANG_WARN_COMMA = YES;
				CLANG_WARN_CONSTANT_CONVERSION = YES;
				CLANG_WARN_DEPRECATED_OBJC_IMPLEMENTATIONS = YES;
				CLANG_WARN_DIRECT_OBJC_ISA_USAGE = YES_ERROR;
				CLANG_WARN_DOCUMENTATION_COMMENTS = YES;
				CLANG_WARN_EMPTY_BODY = YES;
				CLANG_WARN_ENUM_CONVERSION = YES;
				CLANG_WARN_INFINITE_RECURSION = YES;
				CLANG_WARN_INT_CONVERSION = YES;
				CLANG_WARN_NON_LITERAL_NULL_CONVERSION = YES;
				CLANG_WARN_OBJC_IMPLICIT_RETAIN_SELF = YES;
				CLANG_WARN_OBJC_LITERAL_CONVERSION = YES;
				CLANG_WARN_OBJC_ROOT_CLASS = YES_ERROR;
				CLANG_WARN_QUOTED_INCLUDE_IN_FRAMEWORK_HEADER = YES;
				CLANG_WARN_RANGE_LOOP_ANALYSIS = YES;
				CLANG_WARN_STRICT_PROTOTYPES = YES;
				CLANG_WARN_SUSPICIOUS_MOVE = YES;
				CLANG_WARN_UNGUARDED_AVAILABILITY = YES_AGGRESSIVE;
				CLANG_WARN_UNREACHABLE_CODE = YES;
				CLANG_WARN__DUPLICATE_METHOD_MATCH = YES;
				COPY_PHASE_STRIP = NO;
				CURRENT_PROJECT_VERSION = 1;
				DEBUG_INFORMATION_FORMAT = dwarf;
				ENABLE_STRICT_OBJC_MSGSEND = YES;
				ENABLE_TESTABILITY = YES;
				ENABLE_USER_SCRIPT_SANDBOXING = YES;
				GCC_C_LANGUAGE_STANDARD = gnu17;
				GCC_DYNAMIC_NO_PIC = NO;
				GCC_NO_COMMON_BLOCKS = YES;
				GCC_OPTIMIZATION_LEVEL = 0;
				GCC_PREPROCESSOR_DEFINITIONS = (
					"DEBUG=1",
					"$(inherited)",
				);
				GCC_WARN_64_TO_32_BIT_CONVERSION = YES;
				GCC_WARN_ABOUT_RETURN_TYPE = YES_ERROR;
				GCC_WARN_UNDECLARED_SELECTOR = YES;
				GCC_WARN_UNINITIALIZED_AUTOS = YES_AGGRESSIVE;
				GCC_WARN_UNUSED_FUNCTION = YES;
				GCC_WARN_UNUSED_VARIABLE = YES;
				IPHONEOS_DEPLOYMENT_TARGET = 17.2;
				LOCALIZATION_PREFERS_STRING_CATALOGS = YES;
				MTL_ENABLE_DEBUG_INFO = INCLUDE_SOURCE;
				MTL_FAST_MATH = YES;
				ONLY_ACTIVE_ARCH = YES;
				SDKROOT = iphoneos;
				SWIFT_ACTIVE_COMPILATION_CONDITIONS = "DEBUG $(inherited)";
				SWIFT_OPTIMIZATION_LEVEL = "-Onone";
				VERSIONING_SYSTEM = "apple-generic";
				VERSION_INFO_PREFIX = "";
			};
			name = Debug;
		};
		ADAF4AD62B4BC16500315738 /* Release */ = {
			isa = XCBuildConfiguration;
			buildSettings = {
				ALWAYS_SEARCH_USER_PATHS = NO;
				ASSETCATALOG_COMPILER_GENERATE_SWIFT_ASSET_SYMBOL_EXTENSIONS = YES;
				CLANG_ANALYZER_NONNULL = YES;
				CLANG_ANALYZER_NUMBER_OBJECT_CONVERSION = YES_AGGRESSIVE;
				CLANG_CXX_LANGUAGE_STANDARD = "gnu++20";
				CLANG_ENABLE_MODULES = YES;
				CLANG_ENABLE_OBJC_ARC = YES;
				CLANG_ENABLE_OBJC_WEAK = YES;
				CLANG_WARN_BLOCK_CAPTURE_AUTORELEASING = YES;
				CLANG_WARN_BOOL_CONVERSION = YES;
				CLANG_WARN_COMMA = YES;
				CLANG_WARN_CONSTANT_CONVERSION = YES;
				CLANG_WARN_DEPRECATED_OBJC_IMPLEMENTATIONS = YES;
				CLANG_WARN_DIRECT_OBJC_ISA_USAGE = YES_ERROR;
				CLANG_WARN_DOCUMENTATION_COMMENTS = YES;
				CLANG_WARN_EMPTY_BODY = YES;
				CLANG_WARN_ENUM_CONVERSION = YES;
				CLANG_WARN_INFINITE_RECURSION = YES;
				CLANG_WARN_INT_CONVERSION = YES;
				CLANG_WARN_NON_LITERAL_NULL_CONVERSION = YES;
				CLANG_WARN_OBJC_IMPLICIT_RETAIN_SELF = YES;
				CLANG_WARN_OBJC_LITERAL_CONVERSION = YES;
				CLANG_WARN_OBJC_ROOT_CLASS = YES_ERROR;
				CLANG_WARN_QUOTED_INCLUDE_IN_FRAMEWORK_HEADER = YES;
				CLANG_WARN_RANGE_LOOP_ANALYSIS = YES;
				CLANG_WARN_STRICT_PROTOTYPES = YES;
				CLANG_WARN_SUSPICIOUS_MOVE = YES;
				CLANG_WARN_UNGUARDED_AVAILABILITY = YES_AGGRESSIVE;
				CLANG_WARN_UNREACHABLE_CODE = YES;
				CLANG_WARN__DUPLICATE_METHOD_MATCH = YES;
				COPY_PHASE_STRIP = NO;
				CURRENT_PROJECT_VERSION = 1;
				DEBUG_INFORMATION_FORMAT = "dwarf-with-dsym";
				ENABLE_NS_ASSERTIONS = NO;
				ENABLE_STRICT_OBJC_MSGSEND = YES;
				ENABLE_USER_SCRIPT_SANDBOXING = YES;
				GCC_C_LANGUAGE_STANDARD = gnu17;
				GCC_NO_COMMON_BLOCKS = YES;
				GCC_WARN_64_TO_32_BIT_CONVERSION = YES;
				GCC_WARN_ABOUT_RETURN_TYPE = YES_ERROR;
				GCC_WARN_UNDECLARED_SELECTOR = YES;
				GCC_WARN_UNINITIALIZED_AUTOS = YES_AGGRESSIVE;
				GCC_WARN_UNUSED_FUNCTION = YES;
				GCC_WARN_UNUSED_VARIABLE = YES;
				IPHONEOS_DEPLOYMENT_TARGET = 17.2;
				LOCALIZATION_PREFERS_STRING_CATALOGS = YES;
				MTL_ENABLE_DEBUG_INFO = NO;
				MTL_FAST_MATH = YES;
				SDKROOT = iphoneos;
				SWIFT_COMPILATION_MODE = wholemodule;
				VALIDATE_PRODUCT = YES;
				VERSIONING_SYSTEM = "apple-generic";
				VERSION_INFO_PREFIX = "";
			};
			name = Release;
		};
		ADAF4AD82B4BC16500315738 /* Debug */ = {
			isa = XCBuildConfiguration;
			buildSettings = {
				CLANG_ENABLE_MODULES = YES;
				CODE_SIGN_STYLE = Automatic;
				CURRENT_PROJECT_VERSION = 1;
				DEFINES_MODULE = YES;
				DEVELOPMENT_TEAM = NJ3A8H5XJB;
				DYLIB_COMPATIBILITY_VERSION = 1;
				DYLIB_CURRENT_VERSION = 1;
				DYLIB_INSTALL_NAME_BASE = "@rpath";
				ENABLE_MODULE_VERIFIER = YES;
				GENERATE_INFOPLIST_FILE = YES;
				INFOPLIST_KEY_NSHumanReadableCopyright = "";
				INSTALL_PATH = "$(LOCAL_LIBRARY_DIR)/Frameworks";
				LD_RUNPATH_SEARCH_PATHS = (
					"$(inherited)",
					"@executable_path/Frameworks",
					"@loader_path/Frameworks",
				);
				MARKETING_VERSION = 1.0;
				MODULE_VERIFIER_SUPPORTED_LANGUAGES = "objective-c objective-c++";
				MODULE_VERIFIER_SUPPORTED_LANGUAGE_STANDARDS = "gnu17 gnu++20";
				PRODUCT_BUNDLE_IDENTIFIER = NineSIxSeven.UseCases;
				PRODUCT_NAME = "$(TARGET_NAME:c99extidentifier)";
				SKIP_INSTALL = YES;
				SWIFT_EMIT_LOC_STRINGS = YES;
				SWIFT_OPTIMIZATION_LEVEL = "-Onone";
				SWIFT_VERSION = 5.0;
				TARGETED_DEVICE_FAMILY = "1,2";
			};
			name = Debug;
		};
		ADAF4AD92B4BC16500315738 /* Release */ = {
			isa = XCBuildConfiguration;
			buildSettings = {
				CLANG_ENABLE_MODULES = YES;
				CODE_SIGN_STYLE = Automatic;
				CURRENT_PROJECT_VERSION = 1;
				DEFINES_MODULE = YES;
				DEVELOPMENT_TEAM = NJ3A8H5XJB;
				DYLIB_COMPATIBILITY_VERSION = 1;
				DYLIB_CURRENT_VERSION = 1;
				DYLIB_INSTALL_NAME_BASE = "@rpath";
				ENABLE_MODULE_VERIFIER = YES;
				GENERATE_INFOPLIST_FILE = YES;
				INFOPLIST_KEY_NSHumanReadableCopyright = "";
				INSTALL_PATH = "$(LOCAL_LIBRARY_DIR)/Frameworks";
				LD_RUNPATH_SEARCH_PATHS = (
					"$(inherited)",
					"@executable_path/Frameworks",
					"@loader_path/Frameworks",
				);
				MARKETING_VERSION = 1.0;
				MODULE_VERIFIER_SUPPORTED_LANGUAGES = "objective-c objective-c++";
				MODULE_VERIFIER_SUPPORTED_LANGUAGE_STANDARDS = "gnu17 gnu++20";
				PRODUCT_BUNDLE_IDENTIFIER = NineSIxSeven.UseCases;
				PRODUCT_NAME = "$(TARGET_NAME:c99extidentifier)";
				SKIP_INSTALL = YES;
				SWIFT_EMIT_LOC_STRINGS = YES;
				SWIFT_VERSION = 5.0;
				TARGETED_DEVICE_FAMILY = "1,2";
			};
			name = Release;
		};
		ADAF4ADB2B4BC16500315738 /* Debug */ = {
			isa = XCBuildConfiguration;
			buildSettings = {
				ALWAYS_EMBED_SWIFT_STANDARD_LIBRARIES = YES;
				CODE_SIGN_STYLE = Automatic;
				CURRENT_PROJECT_VERSION = 1;
				DEVELOPMENT_TEAM = NJ3A8H5XJB;
				GENERATE_INFOPLIST_FILE = YES;
				MARKETING_VERSION = 1.0;
				PRODUCT_BUNDLE_IDENTIFIER = NineSIxSeven.UseCasesTests;
				PRODUCT_NAME = "$(TARGET_NAME)";
				SWIFT_EMIT_LOC_STRINGS = NO;
				SWIFT_VERSION = 5.0;
				TARGETED_DEVICE_FAMILY = "1,2";
			};
			name = Debug;
		};
		ADAF4ADC2B4BC16500315738 /* Release */ = {
			isa = XCBuildConfiguration;
			buildSettings = {
				ALWAYS_EMBED_SWIFT_STANDARD_LIBRARIES = YES;
				CODE_SIGN_STYLE = Automatic;
				CURRENT_PROJECT_VERSION = 1;
				DEVELOPMENT_TEAM = NJ3A8H5XJB;
				GENERATE_INFOPLIST_FILE = YES;
				MARKETING_VERSION = 1.0;
				PRODUCT_BUNDLE_IDENTIFIER = NineSIxSeven.UseCasesTests;
				PRODUCT_NAME = "$(TARGET_NAME)";
				SWIFT_EMIT_LOC_STRINGS = NO;
				SWIFT_VERSION = 5.0;
				TARGETED_DEVICE_FAMILY = "1,2";
			};
			name = Release;
		};
/* End XCBuildConfiguration section */

/* Begin XCConfigurationList section */
		ADAF4ABF2B4BC16500315738 /* Build configuration list for PBXProject "UseCases" */ = {
			isa = XCConfigurationList;
			buildConfigurations = (
				ADAF4AD52B4BC16500315738 /* Debug */,
				ADAF4AD62B4BC16500315738 /* Release */,
			);
			defaultConfigurationIsVisible = 0;
			defaultConfigurationName = Release;
		};
		ADAF4AD72B4BC16500315738 /* Build configuration list for PBXNativeTarget "UseCases" */ = {
			isa = XCConfigurationList;
			buildConfigurations = (
				ADAF4AD82B4BC16500315738 /* Debug */,
				ADAF4AD92B4BC16500315738 /* Release */,
			);
			defaultConfigurationIsVisible = 0;
			defaultConfigurationName = Release;
		};
		ADAF4ADA2B4BC16500315738 /* Build configuration list for PBXNativeTarget "UseCasesTests" */ = {
			isa = XCConfigurationList;
			buildConfigurations = (
				ADAF4ADB2B4BC16500315738 /* Debug */,
				ADAF4ADC2B4BC16500315738 /* Release */,
			);
			defaultConfigurationIsVisible = 0;
			defaultConfigurationName = Release;
		};
/* End XCConfigurationList section */

/* Begin XCRemoteSwiftPackageReference section */
		ADAF4AE72B4BC24F00315738 /* XCRemoteSwiftPackageReference "RxSwift" */ = {
			isa = XCRemoteSwiftPackageReference;
			repositoryURL = "https://github.com/ReactiveX/RxSwift.git";
			requirement = {
				kind = upToNextMajorVersion;
				minimumVersion = 6.6.0;
			};
		};
/* End XCRemoteSwiftPackageReference section */

/* Begin XCSwiftPackageProductDependency section */
		ADAF4AE82B4BC25A00315738 /* RxCocoa */ = {
			isa = XCSwiftPackageProductDependency;
			package = ADAF4AE72B4BC24F00315738 /* XCRemoteSwiftPackageReference "RxSwift" */;
			productName = RxCocoa;
		};
		ADAF4AEA2B4BC25E00315738 /* RxRelay */ = {
			isa = XCSwiftPackageProductDependency;
			package = ADAF4AE72B4BC24F00315738 /* XCRemoteSwiftPackageReference "RxSwift" */;
			productName = RxRelay;
		};
		ADAF4AEC2B4BC26200315738 /* RxSwift */ = {
			isa = XCSwiftPackageProductDependency;
			package = ADAF4AE72B4BC24F00315738 /* XCRemoteSwiftPackageReference "RxSwift" */;
			productName = RxSwift;
		};
/* End XCSwiftPackageProductDependency section */
	};
	rootObject = ADAF4ABC2B4BC16500315738 /* Project object */;
}
